// !$*UTF8*$!
{
	archiveVersion = 1;
	classes = {
	};
	objectVersion = 77;
	objects = {

/* Begin PBXBuildFile section */
		5C7A8DA32FBF2C2F000FA789 /* BezierSwift in Frameworks */ = {isa = PBXBuildFile; productRef = 5C7A8DA22FBF2C2F000FA789 /* BezierSwift */; };
/* End PBXBuildFile section */

/* Begin PBXContainerItemProxy section */
		5C7A8D712FBF2A3A000FA789 /* PBXContainerItemProxy */ = {
			isa = PBXContainerItemProxy;
			containerPortal = 5C7A8D5B2FBF2A39000FA789 /* Project object */;
			proxyType = 1;
			remoteGlobalIDString = 5C7A8D622FBF2A39000FA789;
			remoteInfo = BezierExamples;
		};
		5C7A8D7B2FBF2A3A000FA789 /* PBXContainerItemProxy */ = {
			isa = PBXContainerItemProxy;
			containerPortal = 5C7A8D5B2FBF2A39000FA789 /* Project object */;
			proxyType = 1;
			remoteGlobalIDString = 5C7A8D622FBF2A39000FA789;
			remoteInfo = BezierExamples;
		};
/* End PBXContainerItemProxy section */

/* Begin PBXFileReference section */
		5C7A8D632FBF2A39000FA789 /* BezierExamples.app */ = {isa = PBXFileReference; explicitFileType = wrapper.application; includeInIndex = 0; path = BezierExamples.app; sourceTree = BUILT_PRODUCTS_DIR; };
		5C7A8D702FBF2A3A000FA789 /* BezierExamplesTests.xctest */ = {isa = PBXFileReference; explicitFileType = wrapper.cfbundle; includeInIndex = 0; path = BezierExamplesTests.xctest; sourceTree = BUILT_PRODUCTS_DIR; };
		5C7A8D7A2FBF2A3A000FA789 /* BezierExamplesUITests.xctest */ = {isa = PBXFileReference; explicitFileType = wrapper.cfbundle; includeInIndex = 0; path = BezierExamplesUITests.xctest; sourceTree = BUILT_PRODUCTS_DIR; };
/* End PBXFileReference section */

/* Begin PBXFileSystemSynchronizedRootGroup section */
		5C7A8D652FBF2A39000FA789 /* BezierExamples */ = {
			isa = PBXFileSystemSynchronizedRootGroup;
			path = BezierExamples;
			sourceTree = "<group>";
		};
		5C7A8D732FBF2A3A000FA789 /* BezierExamplesTests */ = {
			isa = PBXFileSystemSynchronizedRootGroup;
			path = BezierExamplesTests;
			sourceTree = "<group>";
		};
		5C7A8D7D2FBF2A3A000FA789 /* BezierExamplesUITests */ = {
			isa = PBXFileSystemSynchronizedRootGroup;
			path = BezierExamplesUITests;
			sourceTree = "<group>";
		};
/* End PBXFileSystemSynchronizedRootGroup section */

/* Begin PBXFrameworksBuildPhase section */
		5C7A8D602FBF2A39000FA789 /* Frameworks */ = {
			isa = PBXFrameworksBuildPhase;
			buildActionMask = 2147483647;
			files = (
				5C7A8DA32FBF2C2F000FA789 /* BezierSwift in Frameworks */,
			);
			runOnlyForDeploymentPostprocessing = 0;
		};
		5C7A8D6D2FBF2A3A000FA789 /* Frameworks */ = {
			isa = PBXFrameworksBuildPhase;
			buildActionMask = 2147483647;
			files = (
			);
			runOnlyForDeploymentPostprocessing = 0;
		};
		5C7A8D772FBF2A3A000FA789 /* Frameworks */ = {
			isa = PBXFrameworksBuildPhase;
			buildActionMask = 2147483647;
			files = (
			);
			runOnlyForDeploymentPostprocessing = 0;
		};
/* End PBXFrameworksBuildPhase section */

/* Begin PBXGroup section */
		5C7A8D5A2FBF2A39000FA789 = {
			isa = PBXGroup;
			children = (
				5C7A8D652FBF2A39000FA789 /* BezierExamples */,
				5C7A8D732FBF2A3A000FA789 /* BezierExamplesTests */,
				5C7A8D7D2FBF2A3A000FA789 /* BezierExamplesUITests */,
				5C7A8D642FBF2A39000FA789 /* Products */,
			);
			sourceTree = "<group>";
		};
		5C7A8D642FBF2A39000FA789 /* Products */ = {
			isa = PBXGroup;
			children = (
				5C7A8D632FBF2A39000FA789 /* BezierExamples.app */,
				5C7A8D702FBF2A3A000FA789 /* BezierExamplesTests.xctest */,
				5C7A8D7A2FBF2A3A000FA789 /* BezierExamplesUITests.xctest */,
			);
			name = Products;
			sourceTree = "<group>";
		};
/* End PBXGroup section */

/* Begin PBXNativeTarget section */
		5C7A8D622FBF2A39000FA789 /* BezierExamples */ = {
			isa = PBXNativeTarget;
			buildConfigurationList = 5C7A8D842FBF2A3A000FA789 /* Build configuration list for PBXNativeTarget "BezierExamples" */;
			buildPhases = (
				5C7A8D5F2FBF2A39000FA789 /* Sources */,
				5C7A8D602FBF2A39000FA789 /* Frameworks */,
				5C7A8D612FBF2A39000FA789 /* Resources */,
			);
			buildRules = (
			);
			dependencies = (
			);
			fileSystemSynchronizedGroups = (
				5C7A8D652FBF2A39000FA789 /* BezierExamples */,
			);
			name = BezierExamples;
			packageProductDependencies = (
				5C7A8DA22FBF2C2F000FA789 /* BezierSwift */,
			);
			productName = BezierExamples;
			productReference = 5C7A8D632FBF2A39000FA789 /* BezierExamples.app */;
			productType = "com.apple.product-type.application";
		};
		5C7A8D6F2FBF2A3A000FA789 /* BezierExamplesTests */ = {
			isa = PBXNativeTarget;
			buildConfigurationList = 5C7A8D872FBF2A3A000FA789 /* Build configuration list for PBXNativeTarget "BezierExamplesTests" */;
			buildPhases = (
				5C7A8D6C2FBF2A3A000FA789 /* Sources */,
				5C7A8D6D2FBF2A3A000FA789 /* Frameworks */,
				5C7A8D6E2FBF2A3A000FA789 /* Resources */,
			);
			buildRules = (
			);
			dependencies = (
				5C7A8D722FBF2A3A000FA789 /* PBXTargetDependency */,
			);
			fileSystemSynchronizedGroups = (
				5C7A8D732FBF2A3A000FA789 /* BezierExamplesTests */,
			);
			name = BezierExamplesTests;
			packageProductDependencies = (
			);
			productName = BezierExamplesTests;
			productReference = 5C7A8D702FBF2A3A000FA789 /* BezierExamplesTests.xctest */;
			productType = "com.apple.product-type.bundle.unit-test";
		};
		5C7A8D792FBF2A3A000FA789 /* BezierExamplesUITests */ = {
			isa = PBXNativeTarget;
			buildConfigurationList = 5C7A8D8A2FBF2A3A000FA789 /* Build configuration list for PBXNativeTarget "BezierExamplesUITests" */;
			buildPhases = (
				5C7A8D762FBF2A3A000FA789 /* Sources */,
				5C7A8D772FBF2A3A000FA789 /* Frameworks */,
				5C7A8D782FBF2A3A000FA789 /* Resources */,
			);
			buildRules = (
			);
			dependencies = (
				5C7A8D7C2FBF2A3A000FA789 /* PBXTargetDependency */,
			);
			fileSystemSynchronizedGroups = (
				5C7A8D7D2FBF2A3A000FA789 /* BezierExamplesUITests */,
			);
			name = BezierExamplesUITests;
			packageProductDependencies = (
			);
			productName = BezierExamplesUITests;
			productReference = 5C7A8D7A2FBF2A3A000FA789 /* BezierExamplesUITests.xctest */;
			productType = "com.apple.product-type.bundle.ui-testing";
		};
/* End PBXNativeTarget section */

/* Begin PBXProject section */
		5C7A8D5B2FBF2A39000FA789 /* Project object */ = {
			isa = PBXProject;
			attributes = {
				BuildIndependentTargetsInParallel = 1;
				LastSwiftUpdateCheck = 2640;
				LastUpgradeCheck = 2640;
				TargetAttributes = {
					5C7A8D622FBF2A39000FA789 = {
						CreatedOnToolsVersion = 26.4;
					};
					5C7A8D6F2FBF2A3A000FA789 = {
						CreatedOnToolsVersion = 26.4;
						TestTargetID = 5C7A8D622FBF2A39000FA789;
					};
					5C7A8D792FBF2A3A000FA789 = {
						CreatedOnToolsVersion = 26.4;
						TestTargetID = 5C7A8D622FBF2A39000FA789;
					};
				};
			};
			buildConfigurationList = 5C7A8D5E2FBF2A39000FA789 /* Build configuration list for PBXProject "BezierExamples" */;
			developmentRegion = en;
			hasScannedForEncodings = 0;
			knownRegions = (
				en,
				Base,
			);
			mainGroup = 5C7A8D5A2FBF2A39000FA789;
			minimizedProjectReferenceProxies = 1;
			packageReferences = (
				5C7A8DA12FBF2C2F000FA789 /* XCLocalSwiftPackageReference "../../" */,
			);
			preferredProjectObjectVersion = 77;
			productRefGroup = 5C7A8D642FBF2A39000FA789 /* Products */;
			projectDirPath = "";
			projectRoot = "";
			targets = (
				5C7A8D622FBF2A39000FA789 /* BezierExamples */,
				5C7A8D6F2FBF2A3A000FA789 /* BezierExamplesTests */,
				5C7A8D792FBF2A3A000FA789 /* BezierExamplesUITests */,
			);
		};
/* End PBXProject section */

/* Begin PBXResourcesBuildPhase section */
		5C7A8D612FBF2A39000FA789 /* Resources */ = {
			isa = PBXResourcesBuildPhase;
			buildActionMask = 2147483647;
			files = (
			);
			runOnlyForDeploymentPostprocessing = 0;
		};
		5C7A8D6E2FBF2A3A000FA789 /* Resources */ = {
			isa = PBXResourcesBuildPhase;
			buildActionMask = 2147483647;
			files = (
			);
			runOnlyForDeploymentPostprocessing = 0;
		};
		5C7A8D782FBF2A3A000FA789 /* Resources */ = {
			isa = PBXResourcesBuildPhase;
			buildActionMask = 2147483647;
			files = (
			);
			runOnlyForDeploymentPostprocessing = 0;
		};
/* End PBXResourcesBuildPhase section */

/* Begin PBXSourcesBuildPhase section */
		5C7A8D5F2FBF2A39000FA789 /* Sources */ = {
			isa = PBXSourcesBuildPhase;
			buildActionMask = 2147483647;
			files = (
			);
			runOnlyForDeploymentPostprocessing = 0;
		};
		5C7A8D6C2FBF2A3A000FA789 /* Sources */ = {
			isa = PBXSourcesBuildPhase;
			buildActionMask = 2147483647;
			files = (
			);
			runOnlyForDeploymentPostprocessing = 0;
		};
		5C7A8D762FBF2A3A000FA789 /* Sources */ = {
			isa = PBXSourcesBuildPhase;
			buildActionMask = 2147483647;
			files = (
			);
			runOnlyForDeploymentPostprocessing = 0;
		};
/* End PBXSourcesBuildPhase section */

/* Begin PBXTargetDependency section */
		5C7A8D722FBF2A3A000FA789 /* PBXTargetDependency */ = {
			isa = PBXTargetDependency;
			target = 5C7A8D622FBF2A39000FA789 /* BezierExamples */;
			targetProxy = 5C7A8D712FBF2A3A000FA789 /* PBXContainerItemProxy */;
		};
		5C7A8D7C2FBF2A3A000FA789 /* PBXTargetDependency */ = {
			isa = PBXTargetDependency;
			target = 5C7A8D622FBF2A39000FA789 /* BezierExamples */;
			targetProxy = 5C7A8D7B2FBF2A3A000FA789 /* PBXContainerItemProxy */;
		};
/* End PBXTargetDependency section */

/* Begin XCBuildConfiguration section */
		5C7A8D822FBF2A3A000FA789 /* Debug */ = {
			isa = XCBuildConfiguration;
			buildSettings = {
				ALWAYS_SEARCH_USER_PATHS = NO;
				ASSETCATALOG_COMPILER_GENERATE_SWIFT_ASSET_SYMBOL_EXTENSIONS = YES;
				CLANG_ANALYZER_NONNULL = YES;
				CLANG_ANALYZER_NUMBER_OBJECT_CONVERSION = YES_AGGRESSIVE;
				CLANG_CXX_LANGUAGE_STANDARD = "gnu++20";
				CLANG_ENABLE_MODULES = YES;
				CLANG_ENABLE_OBJC_ARC = YES;
				CLANG_ENABLE_OBJC_WEAK = YES;
				CLANG_WARN_BLOCK_CAPTURE_AUTORELEASING = YES;
				CLANG_WARN_BOOL_CONVERSION = YES;
				CLANG_WARN_COMMA = YES;
				CLANG_WARN_CONSTANT_CONVERSION = YES;
				CLANG_WARN_DEPRECATED_OBJC_IMPLEMENTATIONS = YES;
				CLANG_WARN_DIRECT_OBJC_ISA_USAGE = YES_ERROR;
				CLANG_WARN_DOCUMENTATION_COMMENTS = YES;
				CLANG_WARN_EMPTY_BODY = YES;
				CLANG_WARN_ENUM_CONVERSION = YES;
				CLANG_WARN_INFINITE_RECURSION = YES;
				CLANG_WARN_INT_CONVERSION = YES;
				CLANG_WARN_NON_LITERAL_NULL_CONVERSION = YES;
				CLANG_WARN_OBJC_IMPLICIT_RETAIN_SELF = YES;
				CLANG_WARN_OBJC_LITERAL_CONVERSION = YES;
				CLANG_WARN_OBJC_ROOT_CLASS = YES_ERROR;
				CLANG_WARN_QUOTED_INCLUDE_IN_FRAMEWORK_HEADER = YES;
				CLANG_WARN_RANGE_LOOP_ANALYSIS = YES;
				CLANG_WARN_STRICT_PROTOTYPES = YES;
				CLANG_WARN_SUSPICIOUS_MOVE = YES;
				CLANG_WARN_UNGUARDED_AVAILABILITY = YES_AGGRESSIVE;
				CLANG_WARN_UNREACHABLE_CODE = YES;
				CLANG_WARN__DUPLICATE_METHOD_MATCH = YES;
				COPY_PHASE_STRIP = NO;
				DEBUG_INFORMATION_FORMAT = dwarf;
				ENABLE_STRICT_OBJC_MSGSEND = YES;
				ENABLE_TESTABILITY = YES;
				ENABLE_USER_SCRIPT_SANDBOXING = YES;
				GCC_C_LANGUAGE_STANDARD = gnu17;
				GCC_DYNAMIC_NO_PIC = NO;
				GCC_NO_COMMON_BLOCKS = YES;
				GCC_OPTIMIZATION_LEVEL = 0;
				GCC_PREPROCESSOR_DEFINITIONS = (
					"DEBUG=1",
					"$(inherited)",
				);
				GCC_WARN_64_TO_32_BIT_CONVERSION = YES;
				GCC_WARN_ABOUT_RETURN_TYPE = YES_ERROR;
				GCC_WARN_UNDECLARED_SELECTOR = YES;
				GCC_WARN_UNINITIALIZED_AUTOS = YES_AGGRESSIVE;
				GCC_WARN_UNUSED_FUNCTION = YES;
				GCC_WARN_UNUSED_VARIABLE = YES;
				IPHONEOS_DEPLOYMENT_TARGET = 16.0;
				LOCALIZATION_PREFERS_STRING_CATALOGS = YES;
				MTL_ENABLE_DEBUG_INFO = INCLUDE_SOURCE;
				MTL_FAST_MATH = YES;
				ONLY_ACTIVE_ARCH = YES;
				SDKROOT = iphoneos;
				SWIFT_ACTIVE_COMPILATION_CONDITIONS = "DEBUG $(inherited)";
				SWIFT_OPTIMIZATION_LEVEL = "-Onone";
			};
			name = Debug;
		};
		5C7A8D832FBF2A3A000FA789 /* Release */ = {
			isa = XCBuildConfiguration;
			buildSettings = {
				ALWAYS_SEARCH_USER_PATHS = NO;
				ASSETCATALOG_COMPILER_GENERATE_SWIFT_ASSET_SYMBOL_EXTENSIONS = YES;
				CLANG_ANALYZER_NONNULL = YES;
				CLANG_ANALYZER_NUMBER_OBJECT_CONVERSION = YES_AGGRESSIVE;
				CLANG_CXX_LANGUAGE_STANDARD = "gnu++20";
				CLANG_ENABLE_MODULES = YES;
				CLANG_ENABLE_OBJC_ARC = YES;
				CLANG_ENABLE_OBJC_WEAK = YES;
				CLANG_WARN_BLOCK_CAPTURE_AUTORELEASING = YES;
				CLANG_WARN_BOOL_CONVERSION = YES;
				CLANG_WARN_COMMA = YES;
				CLANG_WARN_CONSTANT_CONVERSION = YES;
				CLANG_WARN_DEPRECATED_OBJC_IMPLEMENTATIONS = YES;
				CLANG_WARN_DIRECT_OBJC_ISA_USAGE = YES_ERROR;
				CLANG_WARN_DOCUMENTATION_COMMENTS = YES;
				CLANG_WARN_EMPTY_BODY = YES;
				CLANG_WARN_ENUM_CONVERSION = YES;
				CLANG_WARN_INFINITE_RECURSION = YES;
				CLANG_WARN_INT_CONVERSION = YES;
				CLANG_WARN_NON_LITERAL_NULL_CONVERSION = YES;
				CLANG_WARN_OBJC_IMPLICIT_RETAIN_SELF = YES;
				CLANG_WARN_OBJC_LITERAL_CONVERSION = YES;
				CLANG_WARN_OBJC_ROOT_CLASS = YES_ERROR;
				CLANG_WARN_QUOTED_INCLUDE_IN_FRAMEWORK_HEADER = YES;
				CLANG_WARN_RANGE_LOOP_ANALYSIS = YES;
				CLANG_WARN_STRICT_PROTOTYPES = YES;
				CLANG_WARN_SUSPICIOUS_MOVE = YES;
				CLANG_WARN_UNGUARDED_AVAILABILITY = YES_AGGRESSIVE;
				CLANG_WARN_UNREACHABLE_CODE = YES;
				CLANG_WARN__DUPLICATE_METHOD_MATCH = YES;
				COPY_PHASE_STRIP = NO;
				DEBUG_INFORMATION_FORMAT = "dwarf-with-dsym";
				ENABLE_NS_ASSERTIONS = NO;
				ENABLE_STRICT_OBJC_MSGSEND = YES;
				ENABLE_USER_SCRIPT_SANDBOXING = YES;
				GCC_C_LANGUAGE_STANDARD = gnu17;
				GCC_NO_COMMON_BLOCKS = YES;
				GCC_WARN_64_TO_32_BIT_CONVERSION = YES;
				GCC_WARN_ABOUT_RETURN_TYPE = YES_ERROR;
				GCC_WARN_UNDECLARED_SELECTOR = YES;
				GCC_WARN_UNINITIALIZED_AUTOS = YES_AGGRESSIVE;
				GCC_WARN_UNUSED_FUNCTION = YES;
				GCC_WARN_UNUSED_VARIABLE = YES;
				IPHONEOS_DEPLOYMENT_TARGET = 16.0;
				LOCALIZATION_PREFERS_STRING_CATALOGS = YES;
				MTL_ENABLE_DEBUG_INFO = NO;
				MTL_FAST_MATH = YES;
				SDKROOT = iphoneos;
				SWIFT_COMPILATION_MODE = wholemodule;
				VALIDATE_PRODUCT = YES;
			};
			name = Release;
		};
		5C7A8D852FBF2A3A000FA789 /* Debug */ = {
			isa = XCBuildConfiguration;
			buildSettings = {
				ASSETCATALOG_COMPILER_APPICON_NAME = AppIcon;
				ASSETCATALOG_COMPILER_GLOBAL_ACCENT_COLOR_NAME = AccentColor;
				CODE_SIGN_STYLE = Automatic;
				CURRENT_PROJECT_VERSION = 1;
				ENABLE_PREVIEWS = YES;
				GENERATE_INFOPLIST_FILE = YES;
				INFOPLIST_KEY_UIApplicationSceneManifest_Generation = YES;
				INFOPLIST_KEY_UIApplicationSupportsIndirectInputEvents = YES;
				INFOPLIST_KEY_UILaunchScreen_Generation = YES;
				INFOPLIST_KEY_UISupportedInterfaceOrientations_iPad = "UIInterfaceOrientationPortrait UIInterfaceOrientationPortraitUpsideDown UIInterfaceOrientationLandscapeLeft UIInterfaceOrientationLandscapeRight";
				INFOPLIST_KEY_UISupportedInterfaceOrientations_iPhone = "UIInterfaceOrientationPortrait UIInterfaceOrientationLandscapeLeft UIInterfaceOrientationLandscapeRight";
				LD_RUNPATH_SEARCH_PATHS = (
					"$(inherited)",
					"@executable_path/Frameworks",
				);
				MARKETING_VERSION = 1.0;
				PRODUCT_BUNDLE_IDENTIFIER = io.channel.bezier.swift.BezierExamples;
				PRODUCT_NAME = "$(TARGET_NAME)";
				STRING_CATALOG_GENERATE_SYMBOLS = YES;
				SWIFT_APPROACHABLE_CONCURRENCY = YES;
				SWIFT_DEFAULT_ACTOR_ISOLATION = MainActor;
				SWIFT_EMIT_LOC_STRINGS = YES;
				SWIFT_UPCOMING_FEATURE_MEMBER_IMPORT_VISIBILITY = YES;
				SWIFT_VERSION = 5.0;
				TARGETED_DEVICE_FAMILY = "1,2";
			};
			name = Debug;
		};
		5C7A8D862FBF2A3A000FA789 /* Release */ = {
			isa = XCBuildConfiguration;
			buildSettings = {
				ASSETCATALOG_COMPILER_APPICON_NAME = AppIcon;
				ASSETCATALOG_COMPILER_GLOBAL_ACCENT_COLOR_NAME = AccentColor;
				CODE_SIGN_STYLE = Automatic;
				CURRENT_PROJECT_VERSION = 1;
				ENABLE_PREVIEWS = YES;
				GENERATE_INFOPLIST_FILE = YES;
				INFOPLIST_KEY_UIApplicationSceneManifest_Generation = YES;
				INFOPLIST_KEY_UIApplicationSupportsIndirectInputEvents = YES;
				INFOPLIST_KEY_UILaunchScreen_Generation = YES;
				INFOPLIST_KEY_UISupportedInterfaceOrientations_iPad = "UIInterfaceOrientationPortrait UIInterfaceOrientationPortraitUpsideDown UIInterfaceOrientationLandscapeLeft UIInterfaceOrientationLandscapeRight";
				INFOPLIST_KEY_UISupportedInterfaceOrientations_iPhone = "UIInterfaceOrientationPortrait UIInterfaceOrientationLandscapeLeft UIInterfaceOrientationLandscapeRight";
				LD_RUNPATH_SEARCH_PATHS = (
					"$(inherited)",
					"@executable_path/Frameworks",
				);
				MARKETING_VERSION = 1.0;
				PRODUCT_BUNDLE_IDENTIFIER = io.channel.bezier.swift.BezierExamples;
				PRODUCT_NAME = "$(TARGET_NAME)";
				STRING_CATALOG_GENERATE_SYMBOLS = YES;
				SWIFT_APPROACHABLE_CONCURRENCY = YES;
				SWIFT_DEFAULT_ACTOR_ISOLATION = MainActor;
				SWIFT_EMIT_LOC_STRINGS = YES;
				SWIFT_UPCOMING_FEATURE_MEMBER_IMPORT_VISIBILITY = YES;
				SWIFT_VERSION = 5.0;
				TARGETED_DEVICE_FAMILY = "1,2";
			};
			name = Release;
		};
		5C7A8D882FBF2A3A000FA789 /* Debug */ = {
			isa = XCBuildConfiguration;
			buildSettings = {
				BUNDLE_LOADER = "$(TEST_HOST)";
				CODE_SIGN_STYLE = Automatic;
				CURRENT_PROJECT_VERSION = 1;
				GENERATE_INFOPLIST_FILE = YES;
				IPHONEOS_DEPLOYMENT_TARGET = 16.0;
				MARKETING_VERSION = 1.0;
				PRODUCT_BUNDLE_IDENTIFIER = io.channel.bezier.swift.BezierExamplesTests;
				PRODUCT_NAME = "$(TARGET_NAME)";
				STRING_CATALOG_GENERATE_SYMBOLS = NO;
				SWIFT_APPROACHABLE_CONCURRENCY = YES;
				SWIFT_EMIT_LOC_STRINGS = NO;
				SWIFT_UPCOMING_FEATURE_MEMBER_IMPORT_VISIBILITY = YES;
				SWIFT_VERSION = 5.0;
				TARGETED_DEVICE_FAMILY = "1,2";
				TEST_HOST = "$(BUILT_PRODUCTS_DIR)/BezierExamples.app/$(BUNDLE_EXECUTABLE_FOLDER_PATH)/BezierExamples";
			};
			name = Debug;
		};
		5C7A8D892FBF2A3A000FA789 /* Release */ = {
			isa = XCBuildConfiguration;
			buildSettings = {
				BUNDLE_LOADER = "$(TEST_HOST)";
				CODE_SIGN_STYLE = Automatic;
				CURRENT_PROJECT_VERSION = 1;
				GENERATE_INFOPLIST_FILE = YES;
				IPHONEOS_DEPLOYMENT_TARGET = 16.0;
				MARKETING_VERSION = 1.0;
				PRODUCT_BUNDLE_IDENTIFIER = io.channel.bezier.swift.BezierExamplesTests;
				PRODUCT_NAME = "$(TARGET_NAME)";
				STRING_CATALOG_GENERATE_SYMBOLS = NO;
				SWIFT_APPROACHABLE_CONCURRENCY = YES;
				SWIFT_EMIT_LOC_STRINGS = NO;
				SWIFT_UPCOMING_FEATURE_MEMBER_IMPORT_VISIBILITY = YES;
				SWIFT_VERSION = 5.0;
				TARGETED_DEVICE_FAMILY = "1,2";
				TEST_HOST = "$(BUILT_PRODUCTS_DIR)/BezierExamples.app/$(BUNDLE_EXECUTABLE_FOLDER_PATH)/BezierExamples";
			};
			name = Release;
		};
		5C7A8D8B2FBF2A3A000FA789 /* Debug */ = {
			isa = XCBuildConfiguration;
			buildSettings = {
				CODE_SIGN_STYLE = Automatic;
				CURRENT_PROJECT_VERSION = 1;
				GENERATE_INFOPLIST_FILE = YES;
				MARKETING_VERSION = 1.0;
				PRODUCT_BUNDLE_IDENTIFIER = io.channel.bezier.swift.BezierExamplesUITests;
				PRODUCT_NAME = "$(TARGET_NAME)";
				STRING_CATALOG_GENERATE_SYMBOLS = NO;
				SWIFT_APPROACHABLE_CONCURRENCY = YES;
				SWIFT_EMIT_LOC_STRINGS = NO;
				SWIFT_UPCOMING_FEATURE_MEMBER_IMPORT_VISIBILITY = YES;
				SWIFT_VERSION = 5.0;
				TARGETED_DEVICE_FAMILY = "1,2";
				TEST_TARGET_NAME = BezierExamples;
			};
			name = Debug;
		};
		5C7A8D8C2FBF2A3A000FA789 /* Release */ = {
			isa = XCBuildConfiguration;
			buildSettings = {
				CODE_SIGN_STYLE = Automatic;
				CURRENT_PROJECT_VERSION = 1;
				GENERATE_INFOPLIST_FILE = YES;
				MARKETING_VERSION = 1.0;
				PRODUCT_BUNDLE_IDENTIFIER = io.channel.bezier.swift.BezierExamplesUITests;
				PRODUCT_NAME = "$(TARGET_NAME)";
				STRING_CATALOG_GENERATE_SYMBOLS = NO;
				SWIFT_APPROACHABLE_CONCURRENCY = YES;
				SWIFT_EMIT_LOC_STRINGS = NO;
				SWIFT_UPCOMING_FEATURE_MEMBER_IMPORT_VISIBILITY = YES;
				SWIFT_VERSION = 5.0;
				TARGETED_DEVICE_FAMILY = "1,2";
				TEST_TARGET_NAME = BezierExamples;
			};
			name = Release;
		};
/* End XCBuildConfiguration section */

/* Begin XCConfigurationList section */
		5C7A8D5E2FBF2A39000FA789 /* Build configuration list for PBXProject "BezierExamples" */ = {
			isa = XCConfigurationList;
			buildConfigurations = (
				5C7A8D822FBF2A3A000FA789 /* Debug */,
				5C7A8D832FBF2A3A000FA789 /* Release */,
			);
			defaultConfigurationIsVisible = 0;
			defaultConfigurationName = Release;
		};
		5C7A8D842FBF2A3A000FA789 /* Build configuration list for PBXNativeTarget "BezierExamples" */ = {
			isa = XCConfigurationList;
			buildConfigurations = (
				5C7A8D852FBF2A3A000FA789 /* Debug */,
				5C7A8D862FBF2A3A000FA789 /* Release */,
			);
			defaultConfigurationIsVisible = 0;
			defaultConfigurationName = Release;
		};
		5C7A8D872FBF2A3A000FA789 /* Build configuration list for PBXNativeTarget "BezierExamplesTests" */ = {
			isa = XCConfigurationList;
			buildConfigurations = (
				5C7A8D882FBF2A3A000FA789 /* Debug */,
				5C7A8D892FBF2A3A000FA789 /* Release */,
			);
			defaultConfigurationIsVisible = 0;
			defaultConfigurationName = Release;
		};
		5C7A8D8A2FBF2A3A000FA789 /* Build configuration list for PBXNativeTarget "BezierExamplesUITests" */ = {
			isa = XCConfigurationList;
			buildConfigurations = (
				5C7A8D8B2FBF2A3A000FA789 /* Debug */,
				5C7A8D8C2FBF2A3A000FA789 /* Release */,
			);
			defaultConfigurationIsVisible = 0;
			defaultConfigurationName = Release;
		};
/* End XCConfigurationList section */

/* Begin XCLocalSwiftPackageReference section */
		5C7A8DA12FBF2C2F000FA789 /* XCLocalSwiftPackageReference "../../" */ = {
			isa = XCLocalSwiftPackageReference;
			relativePath = "../../";
		};
/* End XCLocalSwiftPackageReference section */

/* Begin XCSwiftPackageProductDependency section */
		5C7A8DA22FBF2C2F000FA789 /* BezierSwift */ = {
			isa = XCSwiftPackageProductDependency;
			productName = BezierSwift;
		};
/* End XCSwiftPackageProductDependency section */
	};
	rootObject = 5C7A8D5B2FBF2A39000FA789 /* Project object */;
}
